{
  "name": "@rmartz/bot-automerge-action",
  "version": "0.0.0-development",
  "lockfileVersion": 3,
  "requires": true,
  "packages": {
    "": {
      "name": "@rmartz/bot-automerge-action",
      "version": "0.0.0-development",
      "license": "MIT",
      "dependencies": {
        "@rmartz/bot-automerge": "2.0.5"
      },
      "devDependencies": {
        "prettier": "^3.9.9"
      },
      "engines": {
        "node": ">=20.11.0"
      }
    },
    "node_modules/@rmartz/bot-automerge": {
      "version": "2.0.5",
      "resolved": "https://registry.npmjs.org/@rmartz/bot-automerge/-/bot-automerge-2.0.5.tgz",
      "integrity": "sha512-EvcTfpqD8yeK5tv0gwSjnvF52PSSzdnQa3yRxuWqUSeXTXSK7r3A8M1M6M/ppmAWFT3bR7Q/pJ2Qt6xvY94vtA==",
      "bin": {
        "bot-automerge": "dist/bin/bot-automerge.js"
      },
      "engines": {
        "node": ">=20.11.0"
      }
    },
    "node_modules/prettier": {
      "version": "3.9.9",
      "resolved": "https://registry.npmjs.org/prettier/-/prettier-3.9.9.tgz",
      "integrity": "sha512-Z/CJHIkdujO/OtN7nXUii0Rf3VT5SRuhjBA82Xvu2XhBUgX3nhP67T0LHceBdQLex7OOFGTox+Q5Yg8Jk2Qivg==",
      "dev": true,
      "license": "MIT",
      "bin": {
        "prettier": "bin/prettier.cjs"
      },
      "engines": {
        "node": ">=14"
      },
      "funding": {
        "url": "https://github.com/prettier/prettier?sponsor=1"
      }
    }
  }
}
